{
  "nodes": {
    "flakelight": {
      "inputs": {
        "nixpkgs": "nixpkgs"
      },
      "locked": {
        "lastModified": 1752106289,
        "narHash": "sha256-BC4hWjDDNVmRLvBFCHz7oKiapf1ndBRXPDNle/H+6e8=",
        "owner": "nix-community",
        "repo": "flakelight",
        "rev": "0c7170f19b170882f167a71cad1124714ffc192e",
        "type": "github"
      },
      "original": {
        "owner": "nix-community",
        "repo": "flakelight",
        "type": "github"
      }
    },
    "nixpkgs": {
      "locked": {
        "lastModified": 1751792365,
        "narHash": "sha256-J1kI6oAj25IG4EdVlg2hQz8NZTBNYvIS0l4wpr9KcUo=",
        "owner": "NixOS",
        "repo": "nixpkgs",
        "rev": "1fd8bada0b6117e6c7eb54aad5813023eed37ccb",
        "type": "github"
      },
      "original": {
        "owner": "NixOS",
        "ref": "nixos-unstable",
        "repo": "nixpkgs",
        "type": "github"
      }
    },
    "nixpkgs_2": {
      "locked": {
        "lastModified": 1751949589,
        "narHash": "sha256-mgFxAPLWw0Kq+C8P3dRrZrOYEQXOtKuYVlo9xvPntt8=",
        "owner": "NixOS",
        "repo": "nixpkgs",
        "rev": "9b008d60392981ad674e04016d25619281550a9d",
        "type": "github"
      },
      "original": {
        "owner": "NixOS",
        "ref": "nixpkgs-unstable",
        "repo": "nixpkgs",
        "type": "github"
      }
    },
    "root": {
      "inputs": {
        "flakelight": "flakelight",
        "nixpkgs": "nixpkgs_2",
        "rust-overlay": "rust-overlay"
      }
    },
    "rust-overlay": {
      "inputs": {
        "nixpkgs": ["nixpkgs"]
      },
      "locked": {
        "lastModified": 1752115281,
        "narHash": "sha256-3i0sUli3sWCglfpj+yS1gtA+4m2ao2UMIxa4IfifUUU=",
        "owner": "oxalica",
        "repo": "rust-overlay",
        "rev": "e5b68250e585c60d1679803045575fb71801d822",
        "type": "github"
      },
      "original": {
        "owner": "oxalica",
        "repo": "rust-overlay",
        "type": "github"
      }
    }
  },
  "root": "root",
  "version": 7
}
